
Microsoft Visual Studio Solution File, Format Version 12.00
# Visual Studio Version 16
VisualStudioVersion = 16.0.30907.101
MinimumVisualStudioVersion = 10.0.40219.1
Project("{FAE04EC0-301F-11D3-BF4B-00C04F79EFBC}") = "Rental.Web", "Rental.Web\Rental.Web.csproj", "{F8F96936-D91D-4C9B-8E35-4475CB25C554}"
EndProject
Global
	GlobalSection(SolutionConfigurationPlatforms) = preSolution
		Debug|Any CPU = Debug|Any CPU
		Release|Any CPU = Release|Any CPU
	EndGlobalSection
	GlobalSection(ProjectConfigurationPlatforms) = postSolution
		{F8F96936-D91D-4C9B-8E35-4475CB25C554}.Debug|Any CPU.ActiveCfg = Debug|Any CPU
		{F8F96936-D91D-4C9B-8E35-4475CB25C554}.Debug|Any CPU.Build.0 = Debug|Any CPU
		{F8F96936-D91D-4C9B-8E35-4475CB25C554}.Release|Any CPU.ActiveCfg = Release|Any CPU
		{F8F96936-D91D-4C9B-8E35-4475CB25C554}.Release|Any CPU.Build.0 = Release|Any CPU
	EndGlobalSection
	GlobalSection(SolutionProperties) = preSolution
		HideSolutionNode = FALSE
	EndGlobalSection
	GlobalSection(ExtensibilityGlobals) = postSolution
		SolutionGuid = {0A9266E0-0E77-46A3-8319-E73D863EC143}
	EndGlobalSection
EndGlobal
